
Microsoft Visual Studio Solution File, Format Version 12.00
# Visual Studio Version 17
VisualStudioVersion = 17.6.33815.320
MinimumVisualStudioVersion = 10.0.40219.1
Project("{FAE04EC0-301F-11D3-BF4B-00C04F79EFBC}") = "ogloszeniowy_Xamarin.Android", "ogloszeniowy_Xamarin\ogloszeniowy_Xamarin.Android\ogloszeniowy_Xamarin.Android.csproj", "{D8C826ED-D0C2-4B4B-A113-A1EE44A2887C}"
EndProject
Project("{FAE04EC0-301F-11D3-BF4B-00C04F79EFBC}") = "ogloszeniowy_Xamarin", "ogloszeniowy_Xamarin\ogloszeniowy_Xamarin\ogloszeniowy_Xamarin.csproj", "{BCFAE11E-7B3B-47B9-AB0D-BBF73C6A9F52}"
EndProject
Global
	GlobalSection(SolutionConfigurationPlatforms) = preSolution
		Debug|Any CPU = Debug|Any CPU
		Release|Any CPU = Release|Any CPU
	EndGlobalSection
	GlobalSection(ProjectConfigurationPlatforms) = postSolution
		{D8C826ED-D0C2-4B4B-A113-A1EE44A2887C}.Debug|Any CPU.ActiveCfg = Debug|Any CPU
		{D8C826ED-D0C2-4B4B-A113-A1EE44A2887C}.Debug|Any CPU.Build.0 = Debug|Any CPU
		{D8C826ED-D0C2-4B4B-A113-A1EE44A2887C}.Debug|Any CPU.Deploy.0 = Debug|Any CPU
		{D8C826ED-D0C2-4B4B-A113-A1EE44A2887C}.Release|Any CPU.ActiveCfg = Release|Any CPU
		{D8C826ED-D0C2-4B4B-A113-A1EE44A2887C}.Release|Any CPU.Build.0 = Release|Any CPU
		{D8C826ED-D0C2-4B4B-A113-A1EE44A2887C}.Release|Any CPU.Deploy.0 = Release|Any CPU
		{BCFAE11E-7B3B-47B9-AB0D-BBF73C6A9F52}.Debug|Any CPU.ActiveCfg = Debug|Any CPU
		{BCFAE11E-7B3B-47B9-AB0D-BBF73C6A9F52}.Debug|Any CPU.Build.0 = Debug|Any CPU
		{BCFAE11E-7B3B-47B9-AB0D-BBF73C6A9F52}.Debug|Any CPU.Deploy.0 = Debug|Any CPU
		{BCFAE11E-7B3B-47B9-AB0D-BBF73C6A9F52}.Release|Any CPU.ActiveCfg = Release|Any CPU
		{BCFAE11E-7B3B-47B9-AB0D-BBF73C6A9F52}.Release|Any CPU.Build.0 = Release|Any CPU
		{BCFAE11E-7B3B-47B9-AB0D-BBF73C6A9F52}.Release|Any CPU.Deploy.0 = Release|Any CPU
	EndGlobalSection
	GlobalSection(SolutionProperties) = preSolution
		HideSolutionNode = FALSE
	EndGlobalSection
	GlobalSection(ExtensibilityGlobals) = postSolution
		SolutionGuid = {80C07D96-F1DC-4F55-A67E-C9FFBFAB7DBC}
	EndGlobalSection
EndGlobal
